// !$*UTF8*$!
{
	archiveVersion = 1;
	classes = {
	};
	objectVersion = 46;
	objects = {

/* Begin PBXBuildFile section */
		72B47CE21E2581E400FFBADC /* Assets.xcassets in Resources */ = {isa = PBXBuildFile; fileRef = 72B47CE11E2581E400FFBADC /* Assets.xcassets */; };
		72B47CE51E2581E400FFBADC /* LaunchScreen.storyboard in Resources */ = {isa = PBXBuildFile; fileRef = 72B47CE31E2581E400FFBADC /* LaunchScreen.storyboard */; };
		72B47CF01E2581E400FFBADC /* VortexPongTests.swift in Sources */ = {isa = PBXBuildFile; fileRef = 72B47CEF1E2581E400FFBADC /* VortexPongTests.swift */; };
		72B47CFB1E2581E400FFBADC /* VortexPongUITests.swift in Sources */ = {isa = PBXBuildFile; fileRef = 72B47CFA1E2581E400FFBADC /* VortexPongUITests.swift */; };
		72B47D0F1E25825F00FFBADC /* AppDelegate.swift in Sources */ = {isa = PBXBuildFile; fileRef = 72B47D091E25825F00FFBADC /* AppDelegate.swift */; };
		72B47D101E25825F00FFBADC /* GameScene.sks in Resources */ = {isa = PBXBuildFile; fileRef = 72B47D0A1E25825F00FFBADC /* GameScene.sks */; };
		72B47D111E25825F00FFBADC /* Actions.sks in Resources */ = {isa = PBXBuildFile; fileRef = 72B47D0B1E25825F00FFBADC /* Actions.sks */; };
		72B47D121E25825F00FFBADC /* GameScene.swift in Sources */ = {isa = PBXBuildFile; fileRef = 72B47D0C1E25825F00FFBADC /* GameScene.swift */; };
		72B47D131E25825F00FFBADC /* GameViewController.swift in Sources */ = {isa = PBXBuildFile; fileRef = 72B47D0D1E25825F00FFBADC /* GameViewController.swift */; };
		72B47D141E25825F00FFBADC /* Main.storyboard in Resources */ = {isa = PBXBuildFile; fileRef = 72B47D0E1E25825F00FFBADC /* Main.storyboard */; };
/* End PBXBuildFile section */

/* Begin PBXContainerItemProxy section */
		72B47CEC1E2581E400FFBADC /* PBXContainerItemProxy */ = {
			isa = PBXContainerItemProxy;
			containerPortal = 72B47CC91E2581E400FFBADC /* Project object */;
			proxyType = 1;
			remoteGlobalIDString = 72B47CD01E2581E400FFBADC;
			remoteInfo = VortexPong;
		};
		72B47CF71E2581E400FFBADC /* PBXContainerItemProxy */ = {
			isa = PBXContainerItemProxy;
			containerPortal = 72B47CC91E2581E400FFBADC /* Project object */;
			proxyType = 1;
			remoteGlobalIDString = 72B47CD01E2581E400FFBADC;
			remoteInfo = VortexPong;
		};
/* End PBXContainerItemProxy section */

/* Begin PBXFileReference section */
		72B47CD11E2581E400FFBADC /* VortexPong.app */ = {isa = PBXFileReference; explicitFileType = wrapper.application; includeInIndex = 0; path = VortexPong.app; sourceTree = BUILT_PRODUCTS_DIR; };
		72B47CE11E2581E400FFBADC /* Assets.xcassets */ = {isa = PBXFileReference; lastKnownFileType = folder.assetcatalog; path = Assets.xcassets; sourceTree = "<group>"; };
		72B47CE41E2581E400FFBADC /* Base */ = {isa = PBXFileReference; lastKnownFileType = file.storyboard; name = Base; path = Base.lproj/LaunchScreen.storyboard; sourceTree = "<group>"; };
		72B47CE61E2581E400FFBADC /* Info.plist */ = {isa = PBXFileReference; lastKnownFileType = text.plist.xml; path = Info.plist; sourceTree = "<group>"; };
		72B47CEB1E2581E400FFBADC /* VortexPongTests.xctest */ = {isa = PBXFileReference; explicitFileType = wrapper.cfbundle; includeInIndex = 0; path = VortexPongTests.xctest; sourceTree = BUILT_PRODUCTS_DIR; };
		72B47CEF1E2581E400FFBADC /* VortexPongTests.swift */ = {isa = PBXFileReference; lastKnownFileType = sourcecode.swift; path = VortexPongTests.swift; sourceTree = "<group>"; };
		72B47CF11E2581E400FFBADC /* Info.plist */ = {isa = PBXFileReference; lastKnownFileType = text.plist.xml; path = Info.plist; sourceTree = "<group>"; };
		72B47CF61E2581E400FFBADC /* VortexPongUITests.xctest */ = {isa = PBXFileReference; explicitFileType = wrapper.cfbundle; includeInIndex = 0; path = VortexPongUITests.xctest; sourceTree = BUILT_PRODUCTS_DIR; };
		72B47CFA1E2581E400FFBADC /* VortexPongUITests.swift */ = {isa = PBXFileReference; lastKnownFileType = sourcecode.swift; path = VortexPongUITests.swift; sourceTree = "<group>"; };
		72B47CFC1E2581E400FFBADC /* Info.plist */ = {isa = PBXFileReference; lastKnownFileType = text.plist.xml; path = Info.plist; sourceTree = "<group>"; };
		72B47D081E25825E00FFBADC /* VortexPong-Bridging-Header.h */ = {isa = PBXFileReference; lastKnownFileType = sourcecode.c.h; path = "VortexPong-Bridging-Header.h"; sourceTree = "<group>"; };
		72B47D091E25825F00FFBADC /* AppDelegate.swift */ = {isa = PBXFileReference; fileEncoding = 4; lastKnownFileType = sourcecode.swift; path = AppDelegate.swift; sourceTree = "<group>"; };
		72B47D0A1E25825F00FFBADC /* GameScene.sks */ = {isa = PBXFileReference; lastKnownFileType = file.sks; path = GameScene.sks; sourceTree = "<group>"; };
		72B47D0B1E25825F00FFBADC /* Actions.sks */ = {isa = PBXFileReference; lastKnownFileType = file.sks; path = Actions.sks; sourceTree = "<group>"; };
		72B47D0C1E25825F00FFBADC /* GameScene.swift */ = {isa = PBXFileReference; fileEncoding = 4; lastKnownFileType = sourcecode.swift; path = GameScene.swift; sourceTree = "<group>"; };
		72B47D0D1E25825F00FFBADC /* GameViewController.swift */ = {isa = PBXFileReference; fileEncoding = 4; lastKnownFileType = sourcecode.swift; path = GameViewController.swift; sourceTree = "<group>"; };
		72B47D0E1E25825F00FFBADC /* Main.storyboard */ = {isa = PBXFileReference; fileEncoding = 4; lastKnownFileType = file.storyboard; path = Main.storyboard; sourceTree = "<group>"; };
/* End PBXFileReference section */

/* Begin PBXFrameworksBuildPhase section */
		72B47CCE1E2581E400FFBADC /* Frameworks */ = {
			isa = PBXFrameworksBuildPhase;
			buildActionMask = 2147483647;
			files = (
			);
			runOnlyForDeploymentPostprocessing = 0;
		};
		72B47CE81E2581E400FFBADC /* Frameworks */ = {
			isa = PBXFrameworksBuildPhase;
			buildActionMask = 2147483647;
			files = (
			);
			runOnlyForDeploymentPostprocessing = 0;
		};
		72B47CF31E2581E400FFBADC /* Frameworks */ = {
			isa = PBXFrameworksBuildPhase;
			buildActionMask = 2147483647;
			files = (
			);
			runOnlyForDeploymentPostprocessing = 0;
		};
/* End PBXFrameworksBuildPhase section */

/* Begin PBXGroup section */
		72B47CC81E2581E400FFBADC = {
			isa = PBXGroup;
			children = (
				72B47CD31E2581E400FFBADC /* VortexPong */,
				72B47CEE1E2581E400FFBADC /* VortexPongTests */,
				72B47CF91E2581E400FFBADC /* VortexPongUITests */,
				72B47CD21E2581E400FFBADC /* Products */,
			);
			sourceTree = "<group>";
		};
		72B47CD21E2581E400FFBADC /* Products */ = {
			isa = PBXGroup;
			children = (
				72B47CD11E2581E400FFBADC /* VortexPong.app */,
				72B47CEB1E2581E400FFBADC /* VortexPongTests.xctest */,
				72B47CF61E2581E400FFBADC /* VortexPongUITests.xctest */,
			);
			name = Products;
			sourceTree = "<group>";
		};
		72B47CD31E2581E400FFBADC /* VortexPong */ = {
			isa = PBXGroup;
			children = (
				72B47D091E25825F00FFBADC /* AppDelegate.swift */,
				72B47D0A1E25825F00FFBADC /* GameScene.sks */,
				72B47D0B1E25825F00FFBADC /* Actions.sks */,
				72B47D0C1E25825F00FFBADC /* GameScene.swift */,
				72B47D0D1E25825F00FFBADC /* GameViewController.swift */,
				72B47D0E1E25825F00FFBADC /* Main.storyboard */,
				72B47CE11E2581E400FFBADC /* Assets.xcassets */,
				72B47CE31E2581E400FFBADC /* LaunchScreen.storyboard */,
				72B47CE61E2581E400FFBADC /* Info.plist */,
				72B47D081E25825E00FFBADC /* VortexPong-Bridging-Header.h */,
			);
			path = VortexPong;
			sourceTree = "<group>";
		};
		72B47CEE1E2581E400FFBADC /* VortexPongTests */ = {
			isa = PBXGroup;
			children = (
				72B47CEF1E2581E400FFBADC /* VortexPongTests.swift */,
				72B47CF11E2581E400FFBADC /* Info.plist */,
			);
			path = VortexPongTests;
			sourceTree = "<group>";
		};
		72B47CF91E2581E400FFBADC /* VortexPongUITests */ = {
			isa = PBXGroup;
			children = (
				72B47CFA1E2581E400FFBADC /* VortexPongUITests.swift */,
				72B47CFC1E2581E400FFBADC /* Info.plist */,
			);
			path = VortexPongUITests;
			sourceTree = "<group>";
		};
/* End PBXGroup section */

/* Begin PBXNativeTarget section */
		72B47CD01E2581E400FFBADC /* VortexPong */ = {
			isa = PBXNativeTarget;
			buildConfigurationList = 72B47CFF1E2581E400FFBADC /* Build configuration list for PBXNativeTarget "VortexPong" */;
			buildPhases = (
				72B47CCD1E2581E400FFBADC /* Sources */,
				72B47CCE1E2581E400FFBADC /* Frameworks */,
				72B47CCF1E2581E400FFBADC /* Resources */,
			);
			buildRules = (
			);
			dependencies = (
			);
			name = VortexPong;
			productName = VortexPong;
			productReference = 72B47CD11E2581E400FFBADC /* VortexPong.app */;
			productType = "com.apple.product-type.application";
		};
		72B47CEA1E2581E400FFBADC /* VortexPongTests */ = {
			isa = PBXNativeTarget;
			buildConfigurationList = 72B47D021E2581E400FFBADC /* Build configuration list for PBXNativeTarget "VortexPongTests" */;
			buildPhases = (
				72B47CE71E2581E400FFBADC /* Sources */,
				72B47CE81E2581E400FFBADC /* Frameworks */,
				72B47CE91E2581E400FFBADC /* Resources */,
			);
			buildRules = (
			);
			dependencies = (
				72B47CED1E2581E400FFBADC /* PBXTargetDependency */,
			);
			name = VortexPongTests;
			productName = VortexPongTests;
			productReference = 72B47CEB1E2581E400FFBADC /* VortexPongTests.xctest */;
			productType = "com.apple.product-type.bundle.unit-test";
		};
		72B47CF51E2581E400FFBADC /* VortexPongUITests */ = {
			isa = PBXNativeTarget;
			buildConfigurationList = 72B47D051E2581E400FFBADC /* Build configuration list for PBXNativeTarget "VortexPongUITests" */;
			buildPhases = (
				72B47CF21E2581E400FFBADC /* Sources */,
				72B47CF31E2581E400FFBADC /* Frameworks */,
				72B47CF41E2581E400FFBADC /* Resources */,
			);
			buildRules = (
			);
			dependencies = (
				72B47CF81E2581E400FFBADC /* PBXTargetDependency */,
			);
			name = VortexPongUITests;
			productName = VortexPongUITests;
			productReference = 72B47CF61E2581E400FFBADC /* VortexPongUITests.xctest */;
			productType = "com.apple.product-type.bundle.ui-testing";
		};
/* End PBXNativeTarget section */

/* Begin PBXProject section */
		72B47CC91E2581E400FFBADC /* Project object */ = {
			isa = PBXProject;
			attributes = {
				LastSwiftUpdateCheck = 0810;
				LastUpgradeCheck = 0810;
				ORGANIZATIONNAME = "Joseph Hansen";
				TargetAttributes = {
					72B47CD01E2581E400FFBADC = {
						CreatedOnToolsVersion = 8.1;
						DevelopmentTeam = 793L5ZBT7T;
						LastSwiftMigration = 0810;
						ProvisioningStyle = Automatic;
					};
					72B47CEA1E2581E400FFBADC = {
						CreatedOnToolsVersion = 8.1;
						DevelopmentTeam = 793L5ZBT7T;
						ProvisioningStyle = Automatic;
						TestTargetID = 72B47CD01E2581E400FFBADC;
					};
					72B47CF51E2581E400FFBADC = {
						CreatedOnToolsVersion = 8.1;
						DevelopmentTeam = 793L5ZBT7T;
						ProvisioningStyle = Automatic;
						TestTargetID = 72B47CD01E2581E400FFBADC;
					};
				};
			};
			buildConfigurationList = 72B47CCC1E2581E400FFBADC /* Build configuration list for PBXProject "VortexPong" */;
			compatibilityVersion = "Xcode 3.2";
			developmentRegion = English;
			hasScannedForEncodings = 0;
			knownRegions = (
				en,
				Base,
			);
			mainGroup = 72B47CC81E2581E400FFBADC;
			productRefGroup = 72B47CD21E2581E400FFBADC /* Products */;
			projectDirPath = "";
			projectRoot = "";
			targets = (
				72B47CD01E2581E400FFBADC /* VortexPong */,
				72B47CEA1E2581E400FFBADC /* VortexPongTests */,
				72B47CF51E2581E400FFBADC /* VortexPongUITests */,
			);
		};
/* End PBXProject section */

/* Begin PBXResourcesBuildPhase section */
		72B47CCF1E2581E400FFBADC /* Resources */ = {
			isa = PBXResourcesBuildPhase;
			buildActionMask = 2147483647;
			files = (
				72B47CE21E2581E400FFBADC /* Assets.xcassets in Resources */,
				72B47D141E25825F00FFBADC /* Main.storyboard in Resources */,
				72B47D101E25825F00FFBADC /* GameScene.sks in Resources */,
				72B47CE51E2581E400FFBADC /* LaunchScreen.storyboard in Resources */,
				72B47D111E25825F00FFBADC /* Actions.sks in Resources */,
			);
			runOnlyForDeploymentPostprocessing = 0;
		};
		72B47CE91E2581E400FFBADC /* Resources */ = {
			isa = PBXResourcesBuildPhase;
			buildActionMask = 2147483647;
			files = (
			);
			runOnlyForDeploymentPostprocessing = 0;
		};
		72B47CF41E2581E400FFBADC /* Resources */ = {
			isa = PBXResourcesBuildPhase;
			buildActionMask = 2147483647;
			files = (
			);
			runOnlyForDeploymentPostprocessing = 0;
		};
/* End PBXResourcesBuildPhase section */

/* Begin PBXSourcesBuildPhase section */
		72B47CCD1E2581E400FFBADC /* Sources */ = {
			isa = PBXSourcesBuildPhase;
			buildActionMask = 2147483647;
			files = (
				72B47D121E25825F00FFBADC /* GameScene.swift in Sources */,
				72B47D131E25825F00FFBADC /* GameViewController.swift in Sources */,
				72B47D0F1E25825F00FFBADC /* AppDelegate.swift in Sources */,
			);
			runOnlyForDeploymentPostprocessing = 0;
		};
		72B47CE71E2581E400FFBADC /* Sources */ = {
			isa = PBXSourcesBuildPhase;
			buildActionMask = 2147483647;
			files = (
				72B47CF01E2581E400FFBADC /* VortexPongTests.swift in Sources */,
			);
			runOnlyForDeploymentPostprocessing = 0;
		};
		72B47CF21E2581E400FFBADC /* Sources */ = {
			isa = PBXSourcesBuildPhase;
			buildActionMask = 2147483647;
			files = (
				72B47CFB1E2581E400FFBADC /* VortexPongUITests.swift in Sources */,
			);
			runOnlyForDeploymentPostprocessing = 0;
		};
/* End PBXSourcesBuildPhase section */

/* Begin PBXTargetDependency section */
		72B47CED1E2581E400FFBADC /* PBXTargetDependency */ = {
			isa = PBXTargetDependency;
			target = 72B47CD01E2581E400FFBADC /* VortexPong */;
			targetProxy = 72B47CEC1E2581E400FFBADC /* PBXContainerItemProxy */;
		};
		72B47CF81E2581E400FFBADC /* PBXTargetDependency */ = {
			isa = PBXTargetDependency;
			target = 72B47CD01E2581E400FFBADC /* VortexPong */;
			targetProxy = 72B47CF71E2581E400FFBADC /* PBXContainerItemProxy */;
		};
/* End PBXTargetDependency section */

/* Begin PBXVariantGroup section */
		72B47CE31E2581E400FFBADC /* LaunchScreen.storyboard */ = {
			isa = PBXVariantGroup;
			children = (
				72B47CE41E2581E400FFBADC /* Base */,
			);
			name = LaunchScreen.storyboard;
			sourceTree = "<group>";
		};
/* End PBXVariantGroup section */

/* Begin XCBuildConfiguration section */
		72B47CFD1E2581E400FFBADC /* Debug */ = {
			isa = XCBuildConfiguration;
			buildSettings = {
				ALWAYS_SEARCH_USER_PATHS = NO;
				CLANG_ANALYZER_NONNULL = YES;
				CLANG_CXX_LANGUAGE_STANDARD = "gnu++0x";
				CLANG_CXX_LIBRARY = "libc++";
				CLANG_ENABLE_MODULES = YES;
				CLANG_ENABLE_OBJC_ARC = YES;
				CLANG_WARN_BOOL_CONVERSION = YES;
				CLANG_WARN_CONSTANT_CONVERSION = YES;
				CLANG_WARN_DIRECT_OBJC_ISA_USAGE = YES_ERROR;
				CLANG_WARN_DOCUMENTATION_COMMENTS = YES;
				CLANG_WARN_EMPTY_BODY = YES;
				CLANG_WARN_ENUM_CONVERSION = YES;
				CLANG_WARN_INFINITE_RECURSION = YES;
				CLANG_WARN_INT_CONVERSION = YES;
				CLANG_WARN_OBJC_ROOT_CLASS = YES_ERROR;
				CLANG_WARN_SUSPICIOUS_MOVES = YES;
				CLANG_WARN_UNREACHABLE_CODE = YES;
				CLANG_WARN__DUPLICATE_METHOD_MATCH = YES;
				"CODE_SIGN_IDENTITY[sdk=iphoneos*]" = "iPhone Developer";
				COPY_PHASE_STRIP = NO;
				DEBUG_INFORMATION_FORMAT = dwarf;
				ENABLE_STRICT_OBJC_MSGSEND = YES;
				ENABLE_TESTABILITY = YES;
				GCC_C_LANGUAGE_STANDARD = gnu99;
				GCC_DYNAMIC_NO_PIC = NO;
				GCC_NO_COMMON_BLOCKS = YES;
				GCC_OPTIMIZATION_LEVEL = 0;
				GCC_PREPROCESSOR_DEFINITIONS = (
					"DEBUG=1",
					"$(inherited)",
				);
				GCC_WARN_64_TO_32_BIT_CONVERSION = YES;
				GCC_WARN_ABOUT_RETURN_TYPE = YES_ERROR;
				GCC_WARN_UNDECLARED_SELECTOR = YES;
				GCC_WARN_UNINITIALIZED_AUTOS = YES_AGGRESSIVE;
				GCC_WARN_UNUSED_FUNCTION = YES;
				GCC_WARN_UNUSED_VARIABLE = YES;
				IPHONEOS_DEPLOYMENT_TARGET = 10.1;
				MTL_ENABLE_DEBUG_INFO = YES;
				ONLY_ACTIVE_ARCH = YES;
				SDKROOT = iphoneos;
				SWIFT_ACTIVE_COMPILATION_CONDITIONS = DEBUG;
				SWIFT_OPTIMIZATION_LEVEL = "-Onone";
				TARGETED_DEVICE_FAMILY = "1,2";
			};
			name = Debug;
		};
		72B47CFE1E2581E400FFBADC /* Release */ = {
			isa = XCBuildConfiguration;
			buildSettings = {
				ALWAYS_SEARCH_USER_PATHS = NO;
				CLANG_ANALYZER_NONNULL = YES;
				CLANG_CXX_LANGUAGE_STANDARD = "gnu++0x";
				CLANG_CXX_LIBRARY = "libc++";
				CLANG_ENABLE_MODULES = YES;
				CLANG_ENABLE_OBJC_ARC = YES;
				CLANG_WARN_BOOL_CONVERSION = YES;
				CLANG_WARN_CONSTANT_CONVERSION = YES;
				CLANG_WARN_DIRECT_OBJC_ISA_USAGE = YES_ERROR;
				CLANG_WARN_DOCUMENTATION_COMMENTS = YES;
				CLANG_WARN_EMPTY_BODY = YES;
				CLANG_WARN_ENUM_CONVERSION = YES;
				CLANG_WARN_INFINITE_RECURSION = YES;
				CLANG_WARN_INT_CONVERSION = YES;
				CLANG_WARN_OBJC_ROOT_CLASS = YES_ERROR;
				CLANG_WARN_SUSPICIOUS_MOVES = YES;
				CLANG_WARN_UNREACHABLE_CODE = YES;
				CLANG_WARN__DUPLICATE_METHOD_MATCH = YES;
				"CODE_SIGN_IDENTITY[sdk=iphoneos*]" = "iPhone Developer";
				COPY_PHASE_STRIP = NO;
				DEBUG_INFORMATION_FORMAT = "dwarf-with-dsym";
				ENABLE_NS_ASSERTIONS = NO;
				ENABLE_STRICT_OBJC_MSGSEND = YES;
				GCC_C_LANGUAGE_STANDARD = gnu99;
				GCC_NO_COMMON_BLOCKS = YES;
				GCC_WARN_64_TO_32_BIT_CONVERSION = YES;
				GCC_WARN_ABOUT_RETURN_TYPE = YES_ERROR;
				GCC_WARN_UNDECLARED_SELECTOR = YES;
				GCC_WARN_UNINITIALIZED_AUTOS = YES_AGGRESSIVE;
				GCC_WARN_UNUSED_FUNCTION = YES;
				GCC_WARN_UNUSED_VARIABLE = YES;
				IPHONEOS_DEPLOYMENT_TARGET = 10.1;
				MTL_ENABLE_DEBUG_INFO = NO;
				SDKROOT = iphoneos;
				SWIFT_OPTIMIZATION_LEVEL = "-Owholemodule";
				TARGETED_DEVICE_FAMILY = "1,2";
				VALIDATE_PRODUCT = YES;
			};
			name = Release;
		};
		72B47D001E2581E400FFBADC /* Debug */ = {
			isa = XCBuildConfiguration;
			buildSettings = {
				ASSETCATALOG_COMPILER_APPICON_NAME = AppIcon;
				CLANG_ENABLE_MODULES = YES;
				DEVELOPMENT_TEAM = 793L5ZBT7T;
				INFOPLIST_FILE = VortexPong/Info.plist;
				LD_RUNPATH_SEARCH_PATHS = "$(inherited) @executable_path/Frameworks";
				PRODUCT_BUNDLE_IDENTIFIER = com.Devmountain.VortexPong;
				PRODUCT_NAME = "$(TARGET_NAME)";
				SWIFT_OBJC_BRIDGING_HEADER = "VortexPong/VortexPong-Bridging-Header.h";
				SWIFT_OPTIMIZATION_LEVEL = "-Onone";
				SWIFT_VERSION = 3.0;
			};
			name = Debug;
		};
		72B47D011E2581E400FFBADC /* Release */ = {
			isa = XCBuildConfiguration;
			buildSettings = {
				ASSETCATALOG_COMPILER_APPICON_NAME = AppIcon;
				CLANG_ENABLE_MODULES = YES;
				DEVELOPMENT_TEAM = 793L5ZBT7T;
				INFOPLIST_FILE = VortexPong/Info.plist;
				LD_RUNPATH_SEARCH_PATHS = "$(inherited) @executable_path/Frameworks";
				PRODUCT_BUNDLE_IDENTIFIER = com.Devmountain.VortexPong;
				PRODUCT_NAME = "$(TARGET_NAME)";
				SWIFT_OBJC_BRIDGING_HEADER = "VortexPong/VortexPong-Bridging-Header.h";
				SWIFT_VERSION = 3.0;
			};
			name = Release;
		};
		72B47D031E2581E400FFBADC /* Debug */ = {
			isa = XCBuildConfiguration;
			buildSettings = {
				ALWAYS_EMBED_SWIFT_STANDARD_LIBRARIES = YES;
				BUNDLE_LOADER = "$(TEST_HOST)";
				DEVELOPMENT_TEAM = 793L5ZBT7T;
				INFOPLIST_FILE = VortexPongTests/Info.plist;
				LD_RUNPATH_SEARCH_PATHS = "$(inherited) @executable_path/Frameworks @loader_path/Frameworks";
				PRODUCT_BUNDLE_IDENTIFIER = com.Devmountain.VortexPongTests;
				PRODUCT_NAME = "$(TARGET_NAME)";
				SWIFT_VERSION = 3.0;
				TEST_HOST = "$(BUILT_PRODUCTS_DIR)/VortexPong.app/VortexPong";
			};
			name = Debug;
		};
		72B47D041E2581E400FFBADC /* Release */ = {
			isa = XCBuildConfiguration;
			buildSettings = {
				ALWAYS_EMBED_SWIFT_STANDARD_LIBRARIES = YES;
				BUNDLE_LOADER = "$(TEST_HOST)";
				DEVELOPMENT_TEAM = 793L5ZBT7T;
				INFOPLIST_FILE = VortexPongTests/Info.plist;
				LD_RUNPATH_SEARCH_PATHS = "$(inherited) @executable_path/Frameworks @loader_path/Frameworks";
				PRODUCT_BUNDLE_IDENTIFIER = com.Devmountain.VortexPongTests;
				PRODUCT_NAME = "$(TARGET_NAME)";
				SWIFT_VERSION = 3.0;
				TEST_HOST = "$(BUILT_PRODUCTS_DIR)/VortexPong.app/VortexPong";
			};
			name = Release;
		};
		72B47D061E2581E400FFBADC /* Debug */ = {
			isa = XCBuildConfiguration;
			buildSettings = {
				ALWAYS_EMBED_SWIFT_STANDARD_LIBRARIES = YES;
				DEVELOPMENT_TEAM = 793L5ZBT7T;
				INFOPLIST_FILE = VortexPongUITests/Info.plist;
				LD_RUNPATH_SEARCH_PATHS = "$(inherited) @executable_path/Frameworks @loader_path/Frameworks";
				PRODUCT_BUNDLE_IDENTIFIER = com.Devmountain.VortexPongUITests;
				PRODUCT_NAME = "$(TARGET_NAME)";
				SWIFT_VERSION = 3.0;
				TEST_TARGET_NAME = VortexPong;
			};
			name = Debug;
		};
		72B47D071E2581E400FFBADC /* Release */ = {
			isa = XCBuildConfiguration;
			buildSettings = {
				ALWAYS_EMBED_SWIFT_STANDARD_LIBRARIES = YES;
				DEVELOPMENT_TEAM = 793L5ZBT7T;
				INFOPLIST_FILE = VortexPongUITests/Info.plist;
				LD_RUNPATH_SEARCH_PATHS = "$(inherited) @executable_path/Frameworks @loader_path/Frameworks";
				PRODUCT_BUNDLE_IDENTIFIER = com.Devmountain.VortexPongUITests;
				PRODUCT_NAME = "$(TARGET_NAME)";
				SWIFT_VERSION = 3.0;
				TEST_TARGET_NAME = VortexPong;
			};
			name = Release;
		};
/* End XCBuildConfiguration section */

/* Begin XCConfigurationList section */
		72B47CCC1E2581E400FFBADC /* Build configuration list for PBXProject "VortexPong" */ = {
			isa = XCConfigurationList;
			buildConfigurations = (
				72B47CFD1E2581E400FFBADC /* Debug */,
				72B47CFE1E2581E400FFBADC /* Release */,
			);
			defaultConfigurationIsVisible = 0;
			defaultConfigurationName = Release;
		};
		72B47CFF1E2581E400FFBADC /* Build configuration list for PBXNativeTarget "VortexPong" */ = {
			isa = XCConfigurationList;
			buildConfigurations = (
				72B47D001E2581E400FFBADC /* Debug */,
				72B47D011E2581E400FFBADC /* Release */,
			);
			defaultConfigurationIsVisible = 0;
		};
		72B47D021E2581E400FFBADC /* Build configuration list for PBXNativeTarget "VortexPongTests" */ = {
			isa = XCConfigurationList;
			buildConfigurations = (
				72B47D031E2581E400FFBADC /* Debug */,
				72B47D041E2581E400FFBADC /* Release */,
			);
			defaultConfigurationIsVisible = 0;
		};
		72B47D051E2581E400FFBADC /* Build configuration list for PBXNativeTarget "VortexPongUITests" */ = {
			isa = XCConfigurationList;
			buildConfigurations = (
				72B47D061E2581E400FFBADC /* Debug */,
				72B47D071E2581E400FFBADC /* Release */,
			);
			defaultConfigurationIsVisible = 0;
		};
/* End XCConfigurationList section */
	};
	rootObject = 72B47CC91E2581E400FFBADC /* Project object */;
}
